
Microsoft Visual Studio Solution File, Format Version 12.00
# Visual Studio Version 17
VisualStudioVersion = 17.0.31903.59
MinimumVisualStudioVersion = 10.0.40219.1
Project("{2150E333-8FDC-42A3-9474-1A3956D46DE8}") = "src", "src", "{827E0CD3-B72D-47B6-A68D-7590B98EB39B}"
EndProject
Project("{FAE04EC0-301F-11D3-BF4B-00C04F79EFBC}") = "AiOrchestrator.Api", "src\AiOrchestrator.Api\AiOrchestrator.Api.csproj", "{5F09D60A-06F4-4F22-8609-D75FEF1B1184}"
EndProject
Project("{FAE04EC0-301F-11D3-BF4B-00C04F79EFBC}") = "AiOrchestrator.Application", "src\AiOrchestrator.Application\AiOrchestrator.Application.csproj", "{42324CFD-610E-465C-BF14-9E2A51B669D8}"
EndProject
Project("{FAE04EC0-301F-11D3-BF4B-00C04F79EFBC}") = "AiOrchestrator.Domain", "src\AiOrchestrator.Domain\AiOrchestrator.Domain.csproj", "{9C0E2E0B-19D6-4A70-B7B6-4D3DB004CD5F}"
EndProject
Project("{FAE04EC0-301F-11D3-BF4B-00C04F79EFBC}") = "AiOrchestrator.Infrastructure", "src\AiOrchestrator.Infrastructure\AiOrchestrator.Infrastructure.csproj", "{B703AC93-7B6A-4CDD-8892-773F7BE0C0AF}"
EndProject
Project("{FAE04EC0-301F-11D3-BF4B-00C04F79EFBC}") = "AiOrchestrator.Workflow", "src\AiOrchestrator.Workflow\AiOrchestrator.Workflow.csproj", "{068CD363-BFD4-4136-ADCF-EA9A87B43ADD}"
EndProject
Project("{FAE04EC0-301F-11D3-BF4B-00C04F79EFBC}") = "AiOrchestrator.Agents", "src\AiOrchestrator.Agents\AiOrchestrator.Agents.csproj", "{C4A3C40C-F3BA-4137-9F51-9DD23906ABB7}"
EndProject
Project("{FAE04EC0-301F-11D3-BF4B-00C04F79EFBC}") = "AiOrchestrator.Skills", "src\AiOrchestrator.Skills\AiOrchestrator.Skills.csproj", "{10116103-F4DD-4FDC-A543-7A828A9F0FF5}"
EndProject
Project("{FAE04EC0-301F-11D3-BF4B-00C04F79EFBC}") = "AiOrchestrator.Worker", "src\AiOrchestrator.Worker\AiOrchestrator.Worker.csproj", "{50844558-1940-4775-880F-A61F2E71D2BD}"
EndProject
Project("{2150E333-8FDC-42A3-9474-1A3956D46DE8}") = "tests", "tests", "{0AB3BF05-4346-4AA6-1389-037BE0695223}"
EndProject
Project("{FAE04EC0-301F-11D3-BF4B-00C04F79EFBC}") = "AiOrchestrator.Tests", "tests\AiOrchestrator.Tests\AiOrchestrator.Tests.csproj", "{279163F6-2331-41BD-858E-150E6A574C41}"
EndProject
Global
	GlobalSection(SolutionConfigurationPlatforms) = preSolution
		Debug|Any CPU = Debug|Any CPU
		Debug|x64 = Debug|x64
		Debug|x86 = Debug|x86
		Release|Any CPU = Release|Any CPU
		Release|x64 = Release|x64
		Release|x86 = Release|x86
	EndGlobalSection
	GlobalSection(ProjectConfigurationPlatforms) = postSolution
		{5F09D60A-06F4-4F22-8609-D75FEF1B1184}.Debug|Any CPU.ActiveCfg = Debug|Any CPU
		{5F09D60A-06F4-4F22-8609-D75FEF1B1184}.Debug|Any CPU.Build.0 = Debug|Any CPU
		{5F09D60A-06F4-4F22-8609-D75FEF1B1184}.Debug|x64.ActiveCfg = Debug|Any CPU
		{5F09D60A-06F4-4F22-8609-D75FEF1B1184}.Debug|x64.Build.0 = Debug|Any CPU
		{5F09D60A-06F4-4F22-8609-D75FEF1B1184}.Debug|x86.ActiveCfg = Debug|Any CPU
		{5F09D60A-06F4-4F22-8609-D75FEF1B1184}.Debug|x86.Build.0 = Debug|Any CPU
		{5F09D60A-06F4-4F22-8609-D75FEF1B1184}.Release|Any CPU.ActiveCfg = Release|Any CPU
		{5F09D60A-06F4-4F22-8609-D75FEF1B1184}.Release|Any CPU.Build.0 = Release|Any CPU
		{5F09D60A-06F4-4F22-8609-D75FEF1B1184}.Release|x64.ActiveCfg = Release|Any CPU
		{5F09D60A-06F4-4F22-8609-D75FEF1B1184}.Release|x64.Build.0 = Release|Any CPU
		{5F09D60A-06F4-4F22-8609-D75FEF1B1184}.Release|x86.ActiveCfg = Release|Any CPU
		{5F09D60A-06F4-4F22-8609-D75FEF1B1184}.Release|x86.Build.0 = Release|Any CPU
		{42324CFD-610E-465C-BF14-9E2A51B669D8}.Debug|Any CPU.ActiveCfg = Debug|Any CPU
		{42324CFD-610E-465C-BF14-9E2A51B669D8}.Debug|Any CPU.Build.0 = Debug|Any CPU
		{42324CFD-610E-465C-BF14-9E2A51B669D8}.Debug|x64.ActiveCfg = Debug|Any CPU
		{42324CFD-610E-465C-BF14-9E2A51B669D8}.Debug|x64.Build.0 = Debug|Any CPU
		{42324CFD-610E-465C-BF14-9E2A51B669D8}.Debug|x86.ActiveCfg = Debug|Any CPU
		{42324CFD-610E-465C-BF14-9E2A51B669D8}.Debug|x86.Build.0 = Debug|Any CPU
		{42324CFD-610E-465C-BF14-9E2A51B669D8}.Release|Any CPU.ActiveCfg = Release|Any CPU
		{42324CFD-610E-465C-BF14-9E2A51B669D8}.Release|Any CPU.Build.0 = Release|Any CPU
		{42324CFD-610E-465C-BF14-9E2A51B669D8}.Release|x64.ActiveCfg = Release|Any CPU
		{42324CFD-610E-465C-BF14-9E2A51B669D8}.Release|x64.Build.0 = Release|Any CPU
		{42324CFD-610E-465C-BF14-9E2A51B669D8}.Release|x86.ActiveCfg = Release|Any CPU
		{42324CFD-610E-465C-BF14-9E2A51B669D8}.Release|x86.Build.0 = Release|Any CPU
		{9C0E2E0B-19D6-4A70-B7B6-4D3DB004CD5F}.Debug|Any CPU.ActiveCfg = Debug|Any CPU
		{9C0E2E0B-19D6-4A70-B7B6-4D3DB004CD5F}.Debug|Any CPU.Build.0 = Debug|Any CPU
		{9C0E2E0B-19D6-4A70-B7B6-4D3DB004CD5F}.Debug|x64.ActiveCfg = Debug|Any CPU
		{9C0E2E0B-19D6-4A70-B7B6-4D3DB004CD5F}.Debug|x64.Build.0 = Debug|Any CPU
		{9C0E2E0B-19D6-4A70-B7B6-4D3DB004CD5F}.Debug|x86.ActiveCfg = Debug|Any CPU
		{9C0E2E0B-19D6-4A70-B7B6-4D3DB004CD5F}.Debug|x86.Build.0 = Debug|Any CPU
		{9C0E2E0B-19D6-4A70-B7B6-4D3DB004CD5F}.Release|Any CPU.ActiveCfg = Release|Any CPU
		{9C0E2E0B-19D6-4A70-B7B6-4D3DB004CD5F}.Release|Any CPU.Build.0 = Release|Any CPU
		{9C0E2E0B-19D6-4A70-B7B6-4D3DB004CD5F}.Release|x64.ActiveCfg = Release|Any CPU
		{9C0E2E0B-19D6-4A70-B7B6-4D3DB004CD5F}.Release|x64.Build.0 = Release|Any CPU
		{9C0E2E0B-19D6-4A70-B7B6-4D3DB004CD5F}.Release|x86.ActiveCfg = Release|Any CPU
		{9C0E2E0B-19D6-4A70-B7B6-4D3DB004CD5F}.Release|x86.Build.0 = Release|Any CPU
		{B703AC93-7B6A-4CDD-8892-773F7BE0C0AF}.Debug|Any CPU.ActiveCfg = Debug|Any CPU
		{B703AC93-7B6A-4CDD-8892-773F7BE0C0AF}.Debug|Any CPU.Build.0 = Debug|Any CPU
		{B703AC93-7B6A-4CDD-8892-773F7BE0C0AF}.Debug|x64.ActiveCfg = Debug|Any CPU
		{B703AC93-7B6A-4CDD-8892-773F7BE0C0AF}.Debug|x64.Build.0 = Debug|Any CPU
		{B703AC93-7B6A-4CDD-8892-773F7BE0C0AF}.Debug|x86.ActiveCfg = Debug|Any CPU
		{B703AC93-7B6A-4CDD-8892-773F7BE0C0AF}.Debug|x86.Build.0 = Debug|Any CPU
		{B703AC93-7B6A-4CDD-8892-773F7BE0C0AF}.Release|Any CPU.ActiveCfg = Release|Any CPU
		{B703AC93-7B6A-4CDD-8892-773F7BE0C0AF}.Release|Any CPU.Build.0 = Release|Any CPU
		{B703AC93-7B6A-4CDD-8892-773F7BE0C0AF}.Release|x64.ActiveCfg = Release|Any CPU
		{B703AC93-7B6A-4CDD-8892-773F7BE0C0AF}.Release|x64.Build.0 = Release|Any CPU
		{B703AC93-7B6A-4CDD-8892-773F7BE0C0AF}.Release|x86.ActiveCfg = Release|Any CPU
		{B703AC93-7B6A-4CDD-8892-773F7BE0C0AF}.Release|x86.Build.0 = Release|Any CPU
		{068CD363-BFD4-4136-ADCF-EA9A87B43ADD}.Debug|Any CPU.ActiveCfg = Debug|Any CPU
		{068CD363-BFD4-4136-ADCF-EA9A87B43ADD}.Debug|Any CPU.Build.0 = Debug|Any CPU
		{068CD363-BFD4-4136-ADCF-EA9A87B43ADD}.Debug|x64.ActiveCfg = Debug|Any CPU
		{068CD363-BFD4-4136-ADCF-EA9A87B43ADD}.Debug|x64.Build.0 = Debug|Any CPU
		{068CD363-BFD4-4136-ADCF-EA9A87B43ADD}.Debug|x86.ActiveCfg = Debug|Any CPU
		{068CD363-BFD4-4136-ADCF-EA9A87B43ADD}.Debug|x86.Build.0 = Debug|Any CPU
		{068CD363-BFD4-4136-ADCF-EA9A87B43ADD}.Release|Any CPU.ActiveCfg = Release|Any CPU
		{068CD363-BFD4-4136-ADCF-EA9A87B43ADD}.Release|Any CPU.Build.0 = Release|Any CPU
		{068CD363-BFD4-4136-ADCF-EA9A87B43ADD}.Release|x64.ActiveCfg = Release|Any CPU
		{068CD363-BFD4-4136-ADCF-EA9A87B43ADD}.Release|x64.Build.0 = Release|Any CPU
		{068CD363-BFD4-4136-ADCF-EA9A87B43ADD}.Release|x86.ActiveCfg = Release|Any CPU
		{068CD363-BFD4-4136-ADCF-EA9A87B43ADD}.Release|x86.Build.0 = Release|Any CPU
		{C4A3C40C-F3BA-4137-9F51-9DD23906ABB7}.Debug|Any CPU.ActiveCfg = Debug|Any CPU
		{C4A3C40C-F3BA-4137-9F51-9DD23906ABB7}.Debug|Any CPU.Build.0 = Debug|Any CPU
		{C4A3C40C-F3BA-4137-9F51-9DD23906ABB7}.Debug|x64.ActiveCfg = Debug|Any CPU
		{C4A3C40C-F3BA-4137-9F51-9DD23906ABB7}.Debug|x64.Build.0 = Debug|Any CPU
		{C4A3C40C-F3BA-4137-9F51-9DD23906ABB7}.Debug|x86.ActiveCfg = Debug|Any CPU
		{C4A3C40C-F3BA-4137-9F51-9DD23906ABB7}.Debug|x86.Build.0 = Debug|Any CPU
		{C4A3C40C-F3BA-4137-9F51-9DD23906ABB7}.Release|Any CPU.ActiveCfg = Release|Any CPU
		{C4A3C40C-F3BA-4137-9F51-9DD23906ABB7}.Release|Any CPU.Build.0 = Release|Any CPU
		{C4A3C40C-F3BA-4137-9F51-9DD23906ABB7}.Release|x64.ActiveCfg = Release|Any CPU
		{C4A3C40C-F3BA-4137-9F51-9DD23906ABB7}.Release|x64.Build.0 = Release|Any CPU
		{C4A3C40C-F3BA-4137-9F51-9DD23906ABB7}.Release|x86.ActiveCfg = Release|Any CPU
		{C4A3C40C-F3BA-4137-9F51-9DD23906ABB7}.Release|x86.Build.0 = Release|Any CPU
		{10116103-F4DD-4FDC-A543-7A828A9F0FF5}.Debug|Any CPU.ActiveCfg = Debug|Any CPU
		{10116103-F4DD-4FDC-A543-7A828A9F0FF5}.Debug|Any CPU.Build.0 = Debug|Any CPU
		{10116103-F4DD-4FDC-A543-7A828A9F0FF5}.Debug|x64.ActiveCfg = Debug|Any CPU
		{10116103-F4DD-4FDC-A543-7A828A9F0FF5}.Debug|x64.Build.0 = Debug|Any CPU
		{10116103-F4DD-4FDC-A543-7A828A9F0FF5}.Debug|x86.ActiveCfg = Debug|Any CPU
		{10116103-F4DD-4FDC-A543-7A828A9F0FF5}.Debug|x86.Build.0 = Debug|Any CPU
		{10116103-F4DD-4FDC-A543-7A828A9F0FF5}.Release|Any CPU.ActiveCfg = Release|Any CPU
		{10116103-F4DD-4FDC-A543-7A828A9F0FF5}.Release|Any CPU.Build.0 = Release|Any CPU
		{10116103-F4DD-4FDC-A543-7A828A9F0FF5}.Release|x64.ActiveCfg = Release|Any CPU
		{10116103-F4DD-4FDC-A543-7A828A9F0FF5}.Release|x64.Build.0 = Release|Any CPU
		{10116103-F4DD-4FDC-A543-7A828A9F0FF5}.Release|x86.ActiveCfg = Release|Any CPU
		{10116103-F4DD-4FDC-A543-7A828A9F0FF5}.Release|x86.Build.0 = Release|Any CPU
		{50844558-1940-4775-880F-A61F2E71D2BD}.Debug|Any CPU.ActiveCfg = Debug|Any CPU
		{50844558-1940-4775-880F-A61F2E71D2BD}.Debug|Any CPU.Build.0 = Debug|Any CPU
		{50844558-1940-4775-880F-A61F2E71D2BD}.Debug|x64.ActiveCfg = Debug|Any CPU
		{50844558-1940-4775-880F-A61F2E71D2BD}.Debug|x64.Build.0 = Debug|Any CPU
		{50844558-1940-4775-880F-A61F2E71D2BD}.Debug|x86.ActiveCfg = Debug|Any CPU
		{50844558-1940-4775-880F-A61F2E71D2BD}.Debug|x86.Build.0 = Debug|Any CPU
		{50844558-1940-4775-880F-A61F2E71D2BD}.Release|Any CPU.ActiveCfg = Release|Any CPU
		{50844558-1940-4775-880F-A61F2E71D2BD}.Release|Any CPU.Build.0 = Release|Any CPU
		{50844558-1940-4775-880F-A61F2E71D2BD}.Release|x64.ActiveCfg = Release|Any CPU
		{50844558-1940-4775-880F-A61F2E71D2BD}.Release|x64.Build.0 = Release|Any CPU
		{50844558-1940-4775-880F-A61F2E71D2BD}.Release|x86.ActiveCfg = Release|Any CPU
		{50844558-1940-4775-880F-A61F2E71D2BD}.Release|x86.Build.0 = Release|Any CPU
		{279163F6-2331-41BD-858E-150E6A574C41}.Debug|Any CPU.ActiveCfg = Debug|Any CPU
		{279163F6-2331-41BD-858E-150E6A574C41}.Debug|Any CPU.Build.0 = Debug|Any CPU
		{279163F6-2331-41BD-858E-150E6A574C41}.Debug|x64.ActiveCfg = Debug|Any CPU
		{279163F6-2331-41BD-858E-150E6A574C41}.Debug|x64.Build.0 = Debug|Any CPU
		{279163F6-2331-41BD-858E-150E6A574C41}.Debug|x86.ActiveCfg = Debug|Any CPU
		{279163F6-2331-41BD-858E-150E6A574C41}.Debug|x86.Build.0 = Debug|Any CPU
		{279163F6-2331-41BD-858E-150E6A574C41}.Release|Any CPU.ActiveCfg = Release|Any CPU
		{279163F6-2331-41BD-858E-150E6A574C41}.Release|Any CPU.Build.0 = Release|Any CPU
		{279163F6-2331-41BD-858E-150E6A574C41}.Release|x64.ActiveCfg = Release|Any CPU
		{279163F6-2331-41BD-858E-150E6A574C41}.Release|x64.Build.0 = Release|Any CPU
		{279163F6-2331-41BD-858E-150E6A574C41}.Release|x86.ActiveCfg = Release|Any CPU
		{279163F6-2331-41BD-858E-150E6A574C41}.Release|x86.Build.0 = Release|Any CPU
	EndGlobalSection
	GlobalSection(SolutionProperties) = preSolution
		HideSolutionNode = FALSE
	EndGlobalSection
	GlobalSection(NestedProjects) = preSolution
		{5F09D60A-06F4-4F22-8609-D75FEF1B1184} = {827E0CD3-B72D-47B6-A68D-7590B98EB39B}
		{42324CFD-610E-465C-BF14-9E2A51B669D8} = {827E0CD3-B72D-47B6-A68D-7590B98EB39B}
		{9C0E2E0B-19D6-4A70-B7B6-4D3DB004CD5F} = {827E0CD3-B72D-47B6-A68D-7590B98EB39B}
		{B703AC93-7B6A-4CDD-8892-773F7BE0C0AF} = {827E0CD3-B72D-47B6-A68D-7590B98EB39B}
		{068CD363-BFD4-4136-ADCF-EA9A87B43ADD} = {827E0CD3-B72D-47B6-A68D-7590B98EB39B}
		{C4A3C40C-F3BA-4137-9F51-9DD23906ABB7} = {827E0CD3-B72D-47B6-A68D-7590B98EB39B}
		{10116103-F4DD-4FDC-A543-7A828A9F0FF5} = {827E0CD3-B72D-47B6-A68D-7590B98EB39B}
		{50844558-1940-4775-880F-A61F2E71D2BD} = {827E0CD3-B72D-47B6-A68D-7590B98EB39B}
		{279163F6-2331-41BD-858E-150E6A574C41} = {0AB3BF05-4346-4AA6-1389-037BE0695223}
	EndGlobalSection
EndGlobal
